{
  "version": 4,
  "terraform_version": "1.15.8",
  "serial": 3,
  "lineage": "63e445b2-5ef3-cb97-8298-016c6519ef6f",
  "outputs": {},
  "resources": [
    {
      "mode": "managed",
      "type": "local_file",
      "name": "greeting",
      "provider": "provider[\"registry.terraform.io/hashicorp/local\"]",
      "instances": [
        {
          "schema_version": 0,
          "attributes": {
            "content": "Hello arriving-owl",
            "content_base64": null,
            "content_base64sha256": "NLJOpDngOYMcQz1vTy2sL4F09q6BglhM2XwscY+QKKA=",
            "content_base64sha512": "/9dBoNKLBxJ41FC1vDbOWjmvyAvF77qeh9/2/nIsiBl42JZO1Bg54LoZ2NFESoq4e4dOtAMTmb0g7tMb2CxfYQ==",
            "content_md5": "0d580b89a388095ec2a7291062ba4cbb",
            "content_sha1": "44cb2e9cd8704a4541c8ff69c22fe3aebca80dd3",
            "content_sha256": "34b24ea439e039831c433d6f4f2dac2f8174f6ae8182584cd97c2c718f9028a0",
            "content_sha512": "ffd741a0d28b071278d450b5bc36ce5a39afc80bc5efba9e87dff6fe722c881978d8964ed41839e0ba19d8d1444a8ab87b874eb4031399bd20eed31bd82c5f61",
            "directory_permission": "0777",
            "file_permission": "0777",
            "filename": "greeting.txt",
            "id": "44cb2e9cd8704a4541c8ff69c22fe3aebca80dd3",
            "sensitive_content": null,
            "source": null
          },
          "sensitive_attributes": [
            [
              {
                "type": "get_attr",
                "value": "sensitive_content"
              }
            ]
          ],
          "identity_schema_version": 0,
          "dependencies": [
            "random_pet.name"
          ]
        }
      ]
    },
    {
      "mode": "managed",
      "type": "random_pet",
      "name": "name",
      "provider": "provider[\"registry.terraform.io/hashicorp/random\"]",
      "instances": [
        {
          "schema_version": 0,
          "attributes": {
            "id": "arriving-owl",
            "keepers": null,
            "length": 2,
            "prefix": null,
            "separator": "-"
          },
          "sensitive_attributes": [],
          "identity_schema_version": 0
        }
      ]
    }
  ],
  "check_results": null
}
